
Microsoft Visual Studio Solution File, Format Version 12.00
# Visual Studio Version 16
VisualStudioVersion = 16.0.30907.101
MinimumVisualStudioVersion = 10.0.40219.1
Project("{FAE04EC0-301F-11D3-BF4B-00C04F79EFBC}") = "ClassMetotDemo", "ClassMetotDemo\ClassMetotDemo.csproj", "{0413B3BF-F81B-4217-A457-2E71600CED70}"
EndProject
Global
	GlobalSection(SolutionConfigurationPlatforms) = preSolution
		Debug|Any CPU = Debug|Any CPU
		Release|Any CPU = Release|Any CPU
	EndGlobalSection
	GlobalSection(ProjectConfigurationPlatforms) = postSolution
		{0413B3BF-F81B-4217-A457-2E71600CED70}.Debug|Any CPU.ActiveCfg = Debug|Any CPU
		{0413B3BF-F81B-4217-A457-2E71600CED70}.Debug|Any CPU.Build.0 = Debug|Any CPU
		{0413B3BF-F81B-4217-A457-2E71600CED70}.Release|Any CPU.ActiveCfg = Release|Any CPU
		{0413B3BF-F81B-4217-A457-2E71600CED70}.Release|Any CPU.Build.0 = Release|Any CPU
	EndGlobalSection
	GlobalSection(SolutionProperties) = preSolution
		HideSolutionNode = FALSE
	EndGlobalSection
	GlobalSection(ExtensibilityGlobals) = postSolution
		SolutionGuid = {52D23F11-5361-4AB9-851C-45969A7CF080}
	EndGlobalSection
EndGlobal
